
Microsoft Visual Studio Solution File, Format Version 11.00
# Visual Studio 2010
Project("{FAE04EC0-301F-11D3-BF4B-00C04F79EFBC}") = "Assembly-CSharp", "Assembly-CSharp.csproj", "{ca5635c1-76fe-52fd-e954-64c7e2b2e030}"
EndProject
Project("{FAE04EC0-301F-11D3-BF4B-00C04F79EFBC}") = "Assembly-CSharp-firstpass", "Assembly-CSharp-firstpass.csproj", "{4e56c11c-b939-19a5-bfb8-72d7b36a7330}"
EndProject
Global
	GlobalSection(SolutionConfigurationPlatforms) = preSolution
		Debug|Any CPU = Debug|Any CPU
	EndGlobalSection
	GlobalSection(ProjectConfigurationPlatforms) = postSolution
		{ca5635c1-76fe-52fd-e954-64c7e2b2e030}.Debug|Any CPU.ActiveCfg = Debug|Any CPU
		{ca5635c1-76fe-52fd-e954-64c7e2b2e030}.Debug|Any CPU.Build.0 = Debug|Any CPU
		{4e56c11c-b939-19a5-bfb8-72d7b36a7330}.Debug|Any CPU.ActiveCfg = Debug|Any CPU
		{4e56c11c-b939-19a5-bfb8-72d7b36a7330}.Debug|Any CPU.Build.0 = Debug|Any CPU
	EndGlobalSection
	GlobalSection(SolutionProperties) = preSolution
		HideSolutionNode = FALSE
	EndGlobalSection
EndGlobal
